
Microsoft Visual Studio Solution File, Format Version 12.00
# Visual Studio Version 17
VisualStudioVersion = 17.7.34024.191
MinimumVisualStudioVersion = 10.0.40219.1
Project("{9A19103F-16F7-4668-BE54-9A1E7A4F7556}") = "EmployeeApp", "EmployeeApp.csproj", "{F72DC876-EA06-4F14-88AD-A7C0BEA1B7E6}"
EndProject
Global
	GlobalSection(SolutionConfigurationPlatforms) = preSolution
		Debug|Any CPU = Debug|Any CPU
		Release|Any CPU = Release|Any CPU
	EndGlobalSection
	GlobalSection(ProjectConfigurationPlatforms) = postSolution
		{F72DC876-EA06-4F14-88AD-A7C0BEA1B7E6}.Debug|Any CPU.ActiveCfg = Debug|Any CPU
		{F72DC876-EA06-4F14-88AD-A7C0BEA1B7E6}.Debug|Any CPU.Build.0 = Debug|Any CPU
		{F72DC876-EA06-4F14-88AD-A7C0BEA1B7E6}.Release|Any CPU.ActiveCfg = Release|Any CPU
		{F72DC876-EA06-4F14-88AD-A7C0BEA1B7E6}.Release|Any CPU.Build.0 = Release|Any CPU
	EndGlobalSection
	GlobalSection(SolutionProperties) = preSolution
		HideSolutionNode = FALSE
	EndGlobalSection
	GlobalSection(ExtensibilityGlobals) = postSolution
		SolutionGuid = {4759F228-DB21-4E0F-95FF-569EC8D7C815}
	EndGlobalSection
EndGlobal
